
Microsoft Visual Studio Solution File, Format Version 12.00
# Visual Studio Version 17
VisualStudioVersion = 17.12.35707.178 d17.12
MinimumVisualStudioVersion = 10.0.40219.1
Project("{FAE04EC0-301F-11D3-BF4B-00C04F79EFBC}") = "Medi.Server", "Medi.Server\Medi.Server.csproj", "{AD263EBA-A6E9-46CA-AE1E-B0229FC890D5}"
EndProject
Project("{54A90642-561A-4BB1-A94E-469ADEE60C69}") = "medi.client", "medi.client\medi.client.esproj", "{5B937C3D-DF67-4329-97FB-4A77D04FC3BF}"
EndProject
Global
	GlobalSection(SolutionConfigurationPlatforms) = preSolution
		Debug|Any CPU = Debug|Any CPU
		Release|Any CPU = Release|Any CPU
	EndGlobalSection
	GlobalSection(ProjectConfigurationPlatforms) = postSolution
		{AD263EBA-A6E9-46CA-AE1E-B0229FC890D5}.Debug|Any CPU.ActiveCfg = Debug|Any CPU
		{AD263EBA-A6E9-46CA-AE1E-B0229FC890D5}.Debug|Any CPU.Build.0 = Debug|Any CPU
		{AD263EBA-A6E9-46CA-AE1E-B0229FC890D5}.Release|Any CPU.ActiveCfg = Release|Any CPU
		{AD263EBA-A6E9-46CA-AE1E-B0229FC890D5}.Release|Any CPU.Build.0 = Release|Any CPU
		{5B937C3D-DF67-4329-97FB-4A77D04FC3BF}.Debug|Any CPU.ActiveCfg = Debug|Any CPU
		{5B937C3D-DF67-4329-97FB-4A77D04FC3BF}.Debug|Any CPU.Build.0 = Debug|Any CPU
		{5B937C3D-DF67-4329-97FB-4A77D04FC3BF}.Debug|Any CPU.Deploy.0 = Debug|Any CPU
		{5B937C3D-DF67-4329-97FB-4A77D04FC3BF}.Release|Any CPU.ActiveCfg = Release|Any CPU
		{5B937C3D-DF67-4329-97FB-4A77D04FC3BF}.Release|Any CPU.Build.0 = Release|Any CPU
		{5B937C3D-DF67-4329-97FB-4A77D04FC3BF}.Release|Any CPU.Deploy.0 = Release|Any CPU
	EndGlobalSection
	GlobalSection(SolutionProperties) = preSolution
		HideSolutionNode = FALSE
	EndGlobalSection
EndGlobal
